// !$*UTF8*$!
{
	archiveVersion = 1;
	classes = {
	};
	objectVersion = 46;
	objects = {

/* Begin PBXBuildFile section */
		F42900921BB513B70047C6CF /* Cocoa.framework in Frameworks */ = {isa = PBXBuildFile; fileRef = F42900911BB513B70047C6CF /* Cocoa.framework */; };
		F42900951BB513B70047C6CF /* GlyphSILE-Prefix.pch in Resources */ = {isa = PBXBuildFile; fileRef = F42900941BB513B70047C6CF /* GlyphSILE-Prefix.pch */; };
		F42900971BB513B70047C6CF /* GlyphSILE-Info.plist in Resources */ = {isa = PBXBuildFile; fileRef = F42900961BB513B70047C6CF /* GlyphSILE-Info.plist */; };
		F429009A1BB513B70047C6CF /* GlyphSILE.m in Sources */ = {isa = PBXBuildFile; fileRef = F42900991BB513B70047C6CF /* GlyphSILE.m */; };
		F429009D1BB513B70047C6CF /* GlyphsCore.framework in Frameworks */ = {isa = PBXBuildFile; fileRef = F429009C1BB513B70047C6CF /* GlyphsCore.framework */; };
		F43BEED41BC55C5E005BFC39 /* classes in Resources */ = {isa = PBXBuildFile; fileRef = F43BEECF1BC55C5E005BFC39 /* classes */; };
		F43BEED51BC55C5E005BFC39 /* core in Resources */ = {isa = PBXBuildFile; fileRef = F43BEED01BC55C5E005BFC39 /* core */; };
		F43BEED61BC55C5E005BFC39 /* languages in Resources */ = {isa = PBXBuildFile; fileRef = F43BEED11BC55C5E005BFC39 /* languages */; };
		F43BEED71BC55C5E005BFC39 /* lua-libraries in Resources */ = {isa = PBXBuildFile; fileRef = F43BEED21BC55C5E005BFC39 /* lua-libraries */; };
		F43BEED81BC55C5E005BFC39 /* packages in Resources */ = {isa = PBXBuildFile; fileRef = F43BEED31BC55C5E005BFC39 /* packages */; };
		F43BEEDC1BC651CD005BFC39 /* shared-libraries in Resources */ = {isa = PBXBuildFile; fileRef = F43BEEDB1BC651CD005BFC39 /* shared-libraries */; };
		F441103A1BC3F75500E38A84 /* SILEPreview.xib in Resources */ = {isa = PBXBuildFile; fileRef = F44110391BC3F75500E38A84 /* SILEPreview.xib */; };
		F45D97F11BCA88FD008DCF76 /* SILEPreviewView.m in Sources */ = {isa = PBXBuildFile; fileRef = F45D97F01BCA88FD008DCF76 /* SILEPreviewView.m */; };
		F47783801BB5FCB800B55550 /* LuaConsole.xib in Resources */ = {isa = PBXBuildFile; fileRef = F477837F1BB5FCB800B55550 /* LuaConsole.xib */; };
		F47783821BB7FC9900B55550 /* GlyphsApp.lua in Resources */ = {isa = PBXBuildFile; fileRef = F47783811BB7FC9900B55550 /* GlyphsApp.lua */; };
		F47CE55E1BC15889009C76C1 /* contents.html in Resources */ = {isa = PBXBuildFile; fileRef = F47CE5161BC15889009C76C1 /* contents.html */; };
		F47CE55F1BC15889009C76C1 /* logo.gif in Resources */ = {isa = PBXBuildFile; fileRef = F47CE5171BC15889009C76C1 /* logo.gif */; };
		F47CE5601BC15889009C76C1 /* lua.1 in Resources */ = {isa = PBXBuildFile; fileRef = F47CE5181BC15889009C76C1 /* lua.1 */; };
		F47CE5611BC15889009C76C1 /* lua.css in Resources */ = {isa = PBXBuildFile; fileRef = F47CE5191BC15889009C76C1 /* lua.css */; };
		F47CE5621BC15889009C76C1 /* luac.1 in Resources */ = {isa = PBXBuildFile; fileRef = F47CE51A1BC15889009C76C1 /* luac.1 */; };
		F47CE5631BC15889009C76C1 /* manual.css in Resources */ = {isa = PBXBuildFile; fileRef = F47CE51B1BC15889009C76C1 /* manual.css */; };
		F47CE5641BC15889009C76C1 /* manual.html in Resources */ = {isa = PBXBuildFile; fileRef = F47CE51C1BC15889009C76C1 /* manual.html */; };
		F47CE5651BC15889009C76C1 /* osi-certified-72x60.png in Resources */ = {isa = PBXBuildFile; fileRef = F47CE51D1BC15889009C76C1 /* osi-certified-72x60.png */; };
		F47CE5661BC15889009C76C1 /* readme.html in Resources */ = {isa = PBXBuildFile; fileRef = F47CE51E1BC15889009C76C1 /* readme.html */; };
		F47CE5681BC15889009C76C1 /* README in Resources */ = {isa = PBXBuildFile; fileRef = F47CE5201BC15889009C76C1 /* README */; };
		F47CE5691BC15889009C76C1 /* lapi.c in Sources */ = {isa = PBXBuildFile; fileRef = F47CE5221BC15889009C76C1 /* lapi.c */; };
		F47CE56A1BC15889009C76C1 /* lauxlib.c in Sources */ = {isa = PBXBuildFile; fileRef = F47CE5241BC15889009C76C1 /* lauxlib.c */; };
		F47CE56B1BC15889009C76C1 /* lbaselib.c in Sources */ = {isa = PBXBuildFile; fileRef = F47CE5261BC15889009C76C1 /* lbaselib.c */; };
		F47CE56C1BC15889009C76C1 /* lbitlib.c in Sources */ = {isa = PBXBuildFile; fileRef = F47CE5271BC15889009C76C1 /* lbitlib.c */; };
		F47CE56D1BC15889009C76C1 /* lcode.c in Sources */ = {isa = PBXBuildFile; fileRef = F47CE5281BC15889009C76C1 /* lcode.c */; };
		F47CE56E1BC15889009C76C1 /* lcorolib.c in Sources */ = {isa = PBXBuildFile; fileRef = F47CE52A1BC15889009C76C1 /* lcorolib.c */; };
		F47CE56F1BC15889009C76C1 /* lctype.c in Sources */ = {isa = PBXBuildFile; fileRef = F47CE52B1BC15889009C76C1 /* lctype.c */; };
		F47CE5701BC15889009C76C1 /* ldblib.c in Sources */ = {isa = PBXBuildFile; fileRef = F47CE52D1BC15889009C76C1 /* ldblib.c */; };
		F47CE5711BC15889009C76C1 /* ldebug.c in Sources */ = {isa = PBXBuildFile; fileRef = F47CE52E1BC15889009C76C1 /* ldebug.c */; };
		F47CE5721BC15889009C76C1 /* ldo.c in Sources */ = {isa = PBXBuildFile; fileRef = F47CE5301BC15889009C76C1 /* ldo.c */; };
		F47CE5731BC15889009C76C1 /* ldump.c in Sources */ = {isa = PBXBuildFile; fileRef = F47CE5321BC15889009C76C1 /* ldump.c */; };
		F47CE5741BC15889009C76C1 /* lfunc.c in Sources */ = {isa = PBXBuildFile; fileRef = F47CE5331BC15889009C76C1 /* lfunc.c */; };
		F47CE5751BC15889009C76C1 /* lgc.c in Sources */ = {isa = PBXBuildFile; fileRef = F47CE5351BC15889009C76C1 /* lgc.c */; };
		F47CE5761BC15889009C76C1 /* linit.c in Sources */ = {isa = PBXBuildFile; fileRef = F47CE5371BC15889009C76C1 /* linit.c */; };
		F47CE5771BC15889009C76C1 /* liolib.c in Sources */ = {isa = PBXBuildFile; fileRef = F47CE5381BC15889009C76C1 /* liolib.c */; };
		F47CE5781BC15889009C76C1 /* llex.c in Sources */ = {isa = PBXBuildFile; fileRef = F47CE5391BC15889009C76C1 /* llex.c */; };
		F47CE5791BC15889009C76C1 /* lmathlib.c in Sources */ = {isa = PBXBuildFile; fileRef = F47CE53C1BC15889009C76C1 /* lmathlib.c */; };
		F47CE57A1BC15889009C76C1 /* lmem.c in Sources */ = {isa = PBXBuildFile; fileRef = F47CE53D1BC15889009C76C1 /* lmem.c */; };
		F47CE57B1BC15889009C76C1 /* loadlib.c in Sources */ = {isa = PBXBuildFile; fileRef = F47CE53F1BC15889009C76C1 /* loadlib.c */; };
		F47CE57C1BC15889009C76C1 /* lobject.c in Sources */ = {isa = PBXBuildFile; fileRef = F47CE5401BC15889009C76C1 /* lobject.c */; };
		F47CE57D1BC15889009C76C1 /* lopcodes.c in Sources */ = {isa = PBXBuildFile; fileRef = F47CE5421BC15889009C76C1 /* lopcodes.c */; };
		F47CE57E1BC15889009C76C1 /* loslib.c in Sources */ = {isa = PBXBuildFile; fileRef = F47CE5441BC15889009C76C1 /* loslib.c */; };
		F47CE57F1BC15889009C76C1 /* lparser.c in Sources */ = {isa = PBXBuildFile; fileRef = F47CE5451BC15889009C76C1 /* lparser.c */; };
		F47CE5801BC15889009C76C1 /* lstate.c in Sources */ = {isa = PBXBuildFile; fileRef = F47CE5471BC15889009C76C1 /* lstate.c */; };
		F47CE5811BC15889009C76C1 /* lstring.c in Sources */ = {isa = PBXBuildFile; fileRef = F47CE5491BC15889009C76C1 /* lstring.c */; };
		F47CE5821BC15889009C76C1 /* lstrlib.c in Sources */ = {isa = PBXBuildFile; fileRef = F47CE54B1BC15889009C76C1 /* lstrlib.c */; };
		F47CE5831BC15889009C76C1 /* ltable.c in Sources */ = {isa = PBXBuildFile; fileRef = F47CE54C1BC15889009C76C1 /* ltable.c */; };
		F47CE5841BC15889009C76C1 /* ltablib.c in Sources */ = {isa = PBXBuildFile; fileRef = F47CE54E1BC15889009C76C1 /* ltablib.c */; };
		F47CE5851BC15889009C76C1 /* ltm.c in Sources */ = {isa = PBXBuildFile; fileRef = F47CE54F1BC15889009C76C1 /* ltm.c */; };
		F47CE5871BC15889009C76C1 /* luac.c in Sources */ = {isa = PBXBuildFile; fileRef = F47CE5541BC15889009C76C1 /* luac.c */; };
		F47CE5881BC15889009C76C1 /* lundump.c in Sources */ = {isa = PBXBuildFile; fileRef = F47CE5571BC15889009C76C1 /* lundump.c */; };
		F47CE5891BC15889009C76C1 /* lvm.c in Sources */ = {isa = PBXBuildFile; fileRef = F47CE5591BC15889009C76C1 /* lvm.c */; };
		F47CE58A1BC15889009C76C1 /* lzio.c in Sources */ = {isa = PBXBuildFile; fileRef = F47CE55B1BC15889009C76C1 /* lzio.c */; };
		F47CE5971BC158A7009C76C1 /* .gitignore in Resources */ = {isa = PBXBuildFile; fileRef = F47CE58D1BC158A7009C76C1 /* .gitignore */; };
		F47CE5981BC158A7009C76C1 /* .travis.yml in Resources */ = {isa = PBXBuildFile; fileRef = F47CE58E1BC158A7009C76C1 /* .travis.yml */; };
		F47CE5991BC158A7009C76C1 /* LICENSE in Resources */ = {isa = PBXBuildFile; fileRef = F47CE5901BC158A7009C76C1 /* LICENSE */; };
		F47CE59A1BC158A7009C76C1 /* LuaBridge.lua in Resources */ = {isa = PBXBuildFile; fileRef = F47CE5911BC158A7009C76C1 /* LuaBridge.lua */; };
		F47CE59B1BC158A7009C76C1 /* LuaBridgedFunctions.m in Sources */ = {isa = PBXBuildFile; fileRef = F47CE5931BC158A7009C76C1 /* LuaBridgedFunctions.m */; };
		F47CE59C1BC158A7009C76C1 /* NSLua.m in Sources */ = {isa = PBXBuildFile; fileRef = F47CE5951BC158A7009C76C1 /* NSLua.m */; };
		F4B853BE1BDBC6A4000B26CF /* libfontconfig.1.dylib in Frameworks */ = {isa = PBXBuildFile; fileRef = F4B853BB1BDBC6A4000B26CF /* libfontconfig.1.dylib */; };
		F4B853BF1BDBC6A4000B26CF /* libfreetype.6.dylib in Frameworks */ = {isa = PBXBuildFile; fileRef = F4B853BC1BDBC6A4000B26CF /* libfreetype.6.dylib */; };
		F4B853C01BDBC6A4000B26CF /* libharfbuzz.0.dylib in Frameworks */ = {isa = PBXBuildFile; fileRef = F4B853BD1BDBC6A4000B26CF /* libharfbuzz.0.dylib */; };
		F4B853C21BDBC6C5000B26CF /* libfontconfig.1.dylib in CopyFiles */ = {isa = PBXBuildFile; fileRef = F4B853BB1BDBC6A4000B26CF /* libfontconfig.1.dylib */; settings = {ATTRIBUTES = (CodeSignOnCopy, ); }; };
		F4B853C31BDBC6C8000B26CF /* libfreetype.6.dylib in CopyFiles */ = {isa = PBXBuildFile; fileRef = F4B853BC1BDBC6A4000B26CF /* libfreetype.6.dylib */; settings = {ATTRIBUTES = (CodeSignOnCopy, ); }; };
		F4B853C41BDBC6CA000B26CF /* libharfbuzz.0.dylib in CopyFiles */ = {isa = PBXBuildFile; fileRef = F4B853BD1BDBC6A4000B26CF /* libharfbuzz.0.dylib */; settings = {ATTRIBUTES = (CodeSignOnCopy, ); }; };
		F4BDCF8D1BC540E70013A9EF /* GlyphSILE.lua in Resources */ = {isa = PBXBuildFile; fileRef = F4BDCF8C1BC540E70013A9EF /* GlyphSILE.lua */; };
/* End PBXBuildFile section */

/* Begin PBXCopyFilesBuildPhase section */
		F4B853C11BDBC6B0000B26CF /* CopyFiles */ = {
			isa = PBXCopyFilesBuildPhase;
			buildActionMask = 2147483647;
			dstPath = "";
			dstSubfolderSpec = 10;
			files = (
				F4B853C21BDBC6C5000B26CF /* libfontconfig.1.dylib in CopyFiles */,
				F4B853C31BDBC6C8000B26CF /* libfreetype.6.dylib in CopyFiles */,
				F4B853C41BDBC6CA000B26CF /* libharfbuzz.0.dylib in CopyFiles */,
			);
			runOnlyForDeploymentPostprocessing = 0;
		};
/* End PBXCopyFilesBuildPhase section */

/* Begin PBXFileReference section */
		F429008E1BB513B70047C6CF /* GlyphSILE.glyphsPlugin */ = {isa = PBXFileReference; explicitFileType = wrapper.cfbundle; includeInIndex = 0; path = GlyphSILE.glyphsPlugin; sourceTree = BUILT_PRODUCTS_DIR; };
		F42900911BB513B70047C6CF /* Cocoa.framework */ = {isa = PBXFileReference; lastKnownFileType = wrapper.framework; name = Cocoa.framework; path = /System/Library/Frameworks/Cocoa.framework; sourceTree = "<absolute>"; };
		F42900941BB513B70047C6CF /* GlyphSILE-Prefix.pch */ = {isa = PBXFileReference; lastKnownFileType = sourcecode.c.h; path = "GlyphSILE-Prefix.pch"; sourceTree = "<group>"; };
		F42900961BB513B70047C6CF /* GlyphSILE-Info.plist */ = {isa = PBXFileReference; lastKnownFileType = text.plist.xml; path = "GlyphSILE-Info.plist"; sourceTree = "<group>"; };
		F42900981BB513B70047C6CF /* GlyphSILE.h */ = {isa = PBXFileReference; lastKnownFileType = sourcecode.c.h; path = GlyphSILE.h; sourceTree = "<group>"; };
		F42900991BB513B70047C6CF /* GlyphSILE.m */ = {isa = PBXFileReference; lastKnownFileType = sourcecode.c.objc; path = GlyphSILE.m; sourceTree = "<group>"; };
		F429009C1BB513B70047C6CF /* GlyphsCore.framework */ = {isa = PBXFileReference; lastKnownFileType = wrapper.framework; name = GlyphsCore.framework; path = /Applications/Glyphs.app/Contents/Frameworks/GlyphsCore.framework; sourceTree = "<absolute>"; };
		F429009E1BB513B70047C6CF /* Info.plist */ = {isa = PBXFileReference; lastKnownFileType = text.plist.xml; path = Info.plist; sourceTree = "<group>"; };
		F43BEECD1BC55C3F005BFC39 /* sile */ = {isa = PBXFileReference; lastKnownFileType = folder; path = sile; sourceTree = "<group>"; };
		F43BEECF1BC55C5E005BFC39 /* classes */ = {isa = PBXFileReference; lastKnownFileType = folder; name = classes; path = sile/classes; sourceTree = "<group>"; };
		F43BEED01BC55C5E005BFC39 /* core */ = {isa = PBXFileReference; lastKnownFileType = folder; name = core; path = sile/core; sourceTree = "<group>"; };
		F43BEED11BC55C5E005BFC39 /* languages */ = {isa = PBXFileReference; lastKnownFileType = folder; name = languages; path = sile/languages; sourceTree = "<group>"; };
		F43BEED21BC55C5E005BFC39 /* lua-libraries */ = {isa = PBXFileReference; lastKnownFileType = folder; name = "lua-libraries"; path = "sile/lua-libraries"; sourceTree = "<group>"; };
		F43BEED31BC55C5E005BFC39 /* packages */ = {isa = PBXFileReference; lastKnownFileType = folder; name = packages; path = sile/packages; sourceTree = "<group>"; };
		F43BEEDB1BC651CD005BFC39 /* shared-libraries */ = {isa = PBXFileReference; lastKnownFileType = folder; path = "shared-libraries"; sourceTree = "<group>"; };
		F44110391BC3F75500E38A84 /* SILEPreview.xib */ = {isa = PBXFileReference; fileEncoding = 4; lastKnownFileType = file.xib; path = SILEPreview.xib; sourceTree = "<group>"; };
		F45D97EF1BCA88BC008DCF76 /* SILEPreviewView.h */ = {isa = PBXFileReference; fileEncoding = 4; lastKnownFileType = sourcecode.c.h; path = SILEPreviewView.h; sourceTree = "<group>"; };
		F45D97F01BCA88FD008DCF76 /* SILEPreviewView.m */ = {isa = PBXFileReference; fileEncoding = 4; lastKnownFileType = sourcecode.c.objc; path = SILEPreviewView.m; sourceTree = "<group>"; };
		F477837F1BB5FCB800B55550 /* LuaConsole.xib */ = {isa = PBXFileReference; fileEncoding = 4; lastKnownFileType = file.xib; path = LuaConsole.xib; sourceTree = "<group>"; };
		F47783811BB7FC9900B55550 /* GlyphsApp.lua */ = {isa = PBXFileReference; fileEncoding = 4; lastKnownFileType = text; path = GlyphsApp.lua; sourceTree = "<group>"; };
		F47CE5161BC15889009C76C1 /* contents.html */ = {isa = PBXFileReference; fileEncoding = 4; lastKnownFileType = text.html; path = contents.html; sourceTree = "<group>"; };
		F47CE5171BC15889009C76C1 /* logo.gif */ = {isa = PBXFileReference; lastKnownFileType = image.gif; path = logo.gif; sourceTree = "<group>"; };
		F47CE5181BC15889009C76C1 /* lua.1 */ = {isa = PBXFileReference; fileEncoding = 4; lastKnownFileType = text.man; path = lua.1; sourceTree = "<group>"; };
		F47CE5191BC15889009C76C1 /* lua.css */ = {isa = PBXFileReference; fileEncoding = 4; lastKnownFileType = text.css; path = lua.css; sourceTree = "<group>"; };
		F47CE51A1BC15889009C76C1 /* luac.1 */ = {isa = PBXFileReference; fileEncoding = 4; lastKnownFileType = text.man; path = luac.1; sourceTree = "<group>"; };
		F47CE51B1BC15889009C76C1 /* manual.css */ = {isa = PBXFileReference; fileEncoding = 4; lastKnownFileType = text.css; path = manual.css; sourceTree = "<group>"; };
		F47CE51C1BC15889009C76C1 /* manual.html */ = {isa = PBXFileReference; fileEncoding = 4; lastKnownFileType = text.html; path = manual.html; sourceTree = "<group>"; };
		F47CE51D1BC15889009C76C1 /* osi-certified-72x60.png */ = {isa = PBXFileReference; lastKnownFileType = image.png; path = "osi-certified-72x60.png"; sourceTree = "<group>"; };
		F47CE51E1BC15889009C76C1 /* readme.html */ = {isa = PBXFileReference; fileEncoding = 4; lastKnownFileType = text.html; path = readme.html; sourceTree = "<group>"; };
		F47CE51F1BC15889009C76C1 /* Makefile */ = {isa = PBXFileReference; fileEncoding = 4; lastKnownFileType = sourcecode.make; path = Makefile; sourceTree = "<group>"; };
		F47CE5201BC15889009C76C1 /* README */ = {isa = PBXFileReference; fileEncoding = 4; lastKnownFileType = text; path = README; sourceTree = "<group>"; };
		F47CE5221BC15889009C76C1 /* lapi.c */ = {isa = PBXFileReference; fileEncoding = 4; lastKnownFileType = sourcecode.c.c; path = lapi.c; sourceTree = "<group>"; };
		F47CE5231BC15889009C76C1 /* lapi.h */ = {isa = PBXFileReference; fileEncoding = 4; lastKnownFileType = sourcecode.c.h; path = lapi.h; sourceTree = "<group>"; };
		F47CE5241BC15889009C76C1 /* lauxlib.c */ = {isa = PBXFileReference; fileEncoding = 4; lastKnownFileType = sourcecode.c.c; path = lauxlib.c; sourceTree = "<group>"; };
		F47CE5251BC15889009C76C1 /* lauxlib.h */ = {isa = PBXFileReference; fileEncoding = 4; lastKnownFileType = sourcecode.c.h; path = lauxlib.h; sourceTree = "<group>"; };
		F47CE5261BC15889009C76C1 /* lbaselib.c */ = {isa = PBXFileReference; fileEncoding = 4; lastKnownFileType = sourcecode.c.c; path = lbaselib.c; sourceTree = "<group>"; };
		F47CE5271BC15889009C76C1 /* lbitlib.c */ = {isa = PBXFileReference; fileEncoding = 4; lastKnownFileType = sourcecode.c.c; path = lbitlib.c; sourceTree = "<group>"; };
		F47CE5281BC15889009C76C1 /* lcode.c */ = {isa = PBXFileReference; fileEncoding = 4; lastKnownFileType = sourcecode.c.c; path = lcode.c; sourceTree = "<group>"; };
		F47CE5291BC15889009C76C1 /* lcode.h */ = {isa = PBXFileReference; fileEncoding = 4; lastKnownFileType = sourcecode.c.h; path = lcode.h; sourceTree = "<group>"; };
		F47CE52A1BC15889009C76C1 /* lcorolib.c */ = {isa = PBXFileReference; fileEncoding = 4; lastKnownFileType = sourcecode.c.c; path = lcorolib.c; sourceTree = "<group>"; };
		F47CE52B1BC15889009C76C1 /* lctype.c */ = {isa = PBXFileReference; fileEncoding = 4; lastKnownFileType = sourcecode.c.c; path = lctype.c; sourceTree = "<group>"; };
		F47CE52C1BC15889009C76C1 /* lctype.h */ = {isa = PBXFileReference; fileEncoding = 4; lastKnownFileType = sourcecode.c.h; path = lctype.h; sourceTree = "<group>"; };
		F47CE52D1BC15889009C76C1 /* ldblib.c */ = {isa = PBXFileReference; fileEncoding = 4; lastKnownFileType = sourcecode.c.c; path = ldblib.c; sourceTree = "<group>"; };
		F47CE52E1BC15889009C76C1 /* ldebug.c */ = {isa = PBXFileReference; fileEncoding = 4; lastKnownFileType = sourcecode.c.c; path = ldebug.c; sourceTree = "<group>"; };
		F47CE52F1BC15889009C76C1 /* ldebug.h */ = {isa = PBXFileReference; fileEncoding = 4; lastKnownFileType = sourcecode.c.h; path = ldebug.h; sourceTree = "<group>"; };
		F47CE5301BC15889009C76C1 /* ldo.c */ = {isa = PBXFileReference; fileEncoding = 4; lastKnownFileType = sourcecode.c.c; path = ldo.c; sourceTree = "<group>"; };
		F47CE5311BC15889009C76C1 /* ldo.h */ = {isa = PBXFileReference; fileEncoding = 4; lastKnownFileType = sourcecode.c.h; path = ldo.h; sourceTree = "<group>"; };
		F47CE5321BC15889009C76C1 /* ldump.c */ = {isa = PBXFileReference; fileEncoding = 4; lastKnownFileType = sourcecode.c.c; path = ldump.c; sourceTree = "<group>"; };
		F47CE5331BC15889009C76C1 /* lfunc.c */ = {isa = PBXFileReference; fileEncoding = 4; lastKnownFileType = sourcecode.c.c; path = lfunc.c; sourceTree = "<group>"; };
		F47CE5341BC15889009C76C1 /* lfunc.h */ = {isa = PBXFileReference; fileEncoding = 4; lastKnownFileType = sourcecode.c.h; path = lfunc.h; sourceTree = "<group>"; };
		F47CE5351BC15889009C76C1 /* lgc.c */ = {isa = PBXFileReference; fileEncoding = 4; lastKnownFileType = sourcecode.c.c; path = lgc.c; sourceTree = "<group>"; };
		F47CE5361BC15889009C76C1 /* lgc.h */ = {isa = PBXFileReference; fileEncoding = 4; lastKnownFileType = sourcecode.c.h; path = lgc.h; sourceTree = "<group>"; };
		F47CE5371BC15889009C76C1 /* linit.c */ = {isa = PBXFileReference; fileEncoding = 4; lastKnownFileType = sourcecode.c.c; path = linit.c; sourceTree = "<group>"; };
		F47CE5381BC15889009C76C1 /* liolib.c */ = {isa = PBXFileReference; fileEncoding = 4; lastKnownFileType = sourcecode.c.c; path = liolib.c; sourceTree = "<group>"; };
		F47CE5391BC15889009C76C1 /* llex.c */ = {isa = PBXFileReference; fileEncoding = 4; lastKnownFileType = sourcecode.c.c; path = llex.c; sourceTree = "<group>"; };
		F47CE53A1BC15889009C76C1 /* llex.h */ = {isa = PBXFileReference; fileEncoding = 4; lastKnownFileType = sourcecode.c.h; path = llex.h; sourceTree = "<group>"; };
		F47CE53B1BC15889009C76C1 /* llimits.h */ = {isa = PBXFileReference; fileEncoding = 4; lastKnownFileType = sourcecode.c.h; path = llimits.h; sourceTree = "<group>"; };
		F47CE53C1BC15889009C76C1 /* lmathlib.c */ = {isa = PBXFileReference; fileEncoding = 4; lastKnownFileType = sourcecode.c.c; path = lmathlib.c; sourceTree = "<group>"; };
		F47CE53D1BC15889009C76C1 /* lmem.c */ = {isa = PBXFileReference; fileEncoding = 4; lastKnownFileType = sourcecode.c.c; path = lmem.c; sourceTree = "<group>"; };
		F47CE53E1BC15889009C76C1 /* lmem.h */ = {isa = PBXFileReference; fileEncoding = 4; lastKnownFileType = sourcecode.c.h; path = lmem.h; sourceTree = "<group>"; };
		F47CE53F1BC15889009C76C1 /* loadlib.c */ = {isa = PBXFileReference; fileEncoding = 4; lastKnownFileType = sourcecode.c.c; path = loadlib.c; sourceTree = "<group>"; };
		F47CE5401BC15889009C76C1 /* lobject.c */ = {isa = PBXFileReference; fileEncoding = 4; lastKnownFileType = sourcecode.c.c; path = lobject.c; sourceTree = "<group>"; };
		F47CE5411BC15889009C76C1 /* lobject.h */ = {isa = PBXFileReference; fileEncoding = 4; lastKnownFileType = sourcecode.c.h; path = lobject.h; sourceTree = "<group>"; };
		F47CE5421BC15889009C76C1 /* lopcodes.c */ = {isa = PBXFileReference; fileEncoding = 4; lastKnownFileType = sourcecode.c.c; path = lopcodes.c; sourceTree = "<group>"; };
		F47CE5431BC15889009C76C1 /* lopcodes.h */ = {isa = PBXFileReference; fileEncoding = 4; lastKnownFileType = sourcecode.c.h; path = lopcodes.h; sourceTree = "<group>"; };
		F47CE5441BC15889009C76C1 /* loslib.c */ = {isa = PBXFileReference; fileEncoding = 4; lastKnownFileType = sourcecode.c.c; path = loslib.c; sourceTree = "<group>"; };
		F47CE5451BC15889009C76C1 /* lparser.c */ = {isa = PBXFileReference; fileEncoding = 4; lastKnownFileType = sourcecode.c.c; path = lparser.c; sourceTree = "<group>"; };
		F47CE5461BC15889009C76C1 /* lparser.h */ = {isa = PBXFileReference; fileEncoding = 4; lastKnownFileType = sourcecode.c.h; path = lparser.h; sourceTree = "<group>"; };
		F47CE5471BC15889009C76C1 /* lstate.c */ = {isa = PBXFileReference; fileEncoding = 4; lastKnownFileType = sourcecode.c.c; path = lstate.c; sourceTree = "<group>"; };
		F47CE5481BC15889009C76C1 /* lstate.h */ = {isa = PBXFileReference; fileEncoding = 4; lastKnownFileType = sourcecode.c.h; path = lstate.h; sourceTree = "<group>"; };
		F47CE5491BC15889009C76C1 /* lstring.c */ = {isa = PBXFileReference; fileEncoding = 4; lastKnownFileType = sourcecode.c.c; path = lstring.c; sourceTree = "<group>"; };
		F47CE54A1BC15889009C76C1 /* lstring.h */ = {isa = PBXFileReference; fileEncoding = 4; lastKnownFileType = sourcecode.c.h; path = lstring.h; sourceTree = "<group>"; };
		F47CE54B1BC15889009C76C1 /* lstrlib.c */ = {isa = PBXFileReference; fileEncoding = 4; lastKnownFileType = sourcecode.c.c; path = lstrlib.c; sourceTree = "<group>"; };
		F47CE54C1BC15889009C76C1 /* ltable.c */ = {isa = PBXFileReference; fileEncoding = 4; lastKnownFileType = sourcecode.c.c; path = ltable.c; sourceTree = "<group>"; };
		F47CE54D1BC15889009C76C1 /* ltable.h */ = {isa = PBXFileReference; fileEncoding = 4; lastKnownFileType = sourcecode.c.h; path = ltable.h; sourceTree = "<group>"; };
		F47CE54E1BC15889009C76C1 /* ltablib.c */ = {isa = PBXFileReference; fileEncoding = 4; lastKnownFileType = sourcecode.c.c; path = ltablib.c; sourceTree = "<group>"; };
		F47CE54F1BC15889009C76C1 /* ltm.c */ = {isa = PBXFileReference; fileEncoding = 4; lastKnownFileType = sourcecode.c.c; path = ltm.c; sourceTree = "<group>"; };
		F47CE5501BC15889009C76C1 /* ltm.h */ = {isa = PBXFileReference; fileEncoding = 4; lastKnownFileType = sourcecode.c.h; path = ltm.h; sourceTree = "<group>"; };
		F47CE5521BC15889009C76C1 /* lua.h */ = {isa = PBXFileReference; fileEncoding = 4; lastKnownFileType = sourcecode.c.h; path = lua.h; sourceTree = "<group>"; };
		F47CE5531BC15889009C76C1 /* lua.hpp */ = {isa = PBXFileReference; fileEncoding = 4; lastKnownFileType = sourcecode.cpp.h; path = lua.hpp; sourceTree = "<group>"; };
		F47CE5541BC15889009C76C1 /* luac.c */ = {isa = PBXFileReference; fileEncoding = 4; lastKnownFileType = sourcecode.c.c; path = luac.c; sourceTree = "<group>"; };
		F47CE5551BC15889009C76C1 /* luaconf.h */ = {isa = PBXFileReference; fileEncoding = 4; lastKnownFileType = sourcecode.c.h; path = luaconf.h; sourceTree = "<group>"; };
		F47CE5561BC15889009C76C1 /* lualib.h */ = {isa = PBXFileReference; fileEncoding = 4; lastKnownFileType = sourcecode.c.h; path = lualib.h; sourceTree = "<group>"; };
		F47CE5571BC15889009C76C1 /* lundump.c */ = {isa = PBXFileReference; fileEncoding = 4; lastKnownFileType = sourcecode.c.c; path = lundump.c; sourceTree = "<group>"; };
		F47CE5581BC15889009C76C1 /* lundump.h */ = {isa = PBXFileReference; fileEncoding = 4; lastKnownFileType = sourcecode.c.h; path = lundump.h; sourceTree = "<group>"; };
		F47CE5591BC15889009C76C1 /* lvm.c */ = {isa = PBXFileReference; fileEncoding = 4; lastKnownFileType = sourcecode.c.c; path = lvm.c; sourceTree = "<group>"; };
		F47CE55A1BC15889009C76C1 /* lvm.h */ = {isa = PBXFileReference; fileEncoding = 4; lastKnownFileType = sourcecode.c.h; path = lvm.h; sourceTree = "<group>"; };
		F47CE55B1BC15889009C76C1 /* lzio.c */ = {isa = PBXFileReference; fileEncoding = 4; lastKnownFileType = sourcecode.c.c; path = lzio.c; sourceTree = "<group>"; };
		F47CE55C1BC15889009C76C1 /* lzio.h */ = {isa = PBXFileReference; fileEncoding = 4; lastKnownFileType = sourcecode.c.h; path = lzio.h; sourceTree = "<group>"; };
		F47CE55D1BC15889009C76C1 /* Makefile */ = {isa = PBXFileReference; fileEncoding = 4; lastKnownFileType = sourcecode.make; path = Makefile; sourceTree = "<group>"; };
		F47CE58D1BC158A7009C76C1 /* .gitignore */ = {isa = PBXFileReference; fileEncoding = 4; lastKnownFileType = text; path = .gitignore; sourceTree = "<group>"; };
		F47CE58E1BC158A7009C76C1 /* .travis.yml */ = {isa = PBXFileReference; fileEncoding = 4; lastKnownFileType = text; path = .travis.yml; sourceTree = "<group>"; };
		F47CE58F1BC158A7009C76C1 /* CMSynthesizeSingleton.h */ = {isa = PBXFileReference; fileEncoding = 4; lastKnownFileType = sourcecode.c.h; path = CMSynthesizeSingleton.h; sourceTree = "<group>"; };
		F47CE5901BC158A7009C76C1 /* LICENSE */ = {isa = PBXFileReference; fileEncoding = 4; lastKnownFileType = text; path = LICENSE; sourceTree = "<group>"; };
		F47CE5911BC158A7009C76C1 /* LuaBridge.lua */ = {isa = PBXFileReference; fileEncoding = 4; lastKnownFileType = text; path = LuaBridge.lua; sourceTree = "<group>"; };
		F47CE5921BC158A7009C76C1 /* LuaBridgedFunctions.h */ = {isa = PBXFileReference; fileEncoding = 4; lastKnownFileType = sourcecode.c.h; path = LuaBridgedFunctions.h; sourceTree = "<group>"; };
		F47CE5931BC158A7009C76C1 /* LuaBridgedFunctions.m */ = {isa = PBXFileReference; fileEncoding = 4; lastKnownFileType = sourcecode.c.objc; path = LuaBridgedFunctions.m; sourceTree = "<group>"; };
		F47CE5941BC158A7009C76C1 /* NSLua.h */ = {isa = PBXFileReference; fileEncoding = 4; lastKnownFileType = sourcecode.c.h; path = NSLua.h; sourceTree = "<group>"; };
		F47CE5951BC158A7009C76C1 /* NSLua.m */ = {isa = PBXFileReference; fileEncoding = 4; lastKnownFileType = sourcecode.c.objc; path = NSLua.m; sourceTree = "<group>"; };
		F47CE5961BC158A7009C76C1 /* README.md */ = {isa = PBXFileReference; fileEncoding = 4; lastKnownFileType = net.daringfireball.markdown; path = README.md; sourceTree = "<group>"; };
		F4B853BB1BDBC6A4000B26CF /* libfontconfig.1.dylib */ = {isa = PBXFileReference; lastKnownFileType = "compiled.mach-o.dylib"; name = libfontconfig.1.dylib; path = frameworks/libfontconfig.1.dylib; sourceTree = "<group>"; };
		F4B853BC1BDBC6A4000B26CF /* libfreetype.6.dylib */ = {isa = PBXFileReference; lastKnownFileType = "compiled.mach-o.dylib"; name = libfreetype.6.dylib; path = frameworks/libfreetype.6.dylib; sourceTree = "<group>"; };
		F4B853BD1BDBC6A4000B26CF /* libharfbuzz.0.dylib */ = {isa = PBXFileReference; lastKnownFileType = "compiled.mach-o.dylib"; name = libharfbuzz.0.dylib; path = frameworks/libharfbuzz.0.dylib; sourceTree = "<group>"; };
		F4BDCF8C1BC540E70013A9EF /* GlyphSILE.lua */ = {isa = PBXFileReference; fileEncoding = 4; lastKnownFileType = text; path = GlyphSILE.lua; sourceTree = "<group>"; };
/* End PBXFileReference section */

/* Begin PBXFrameworksBuildPhase section */
		F429008B1BB513B70047C6CF /* Frameworks */ = {
			isa = PBXFrameworksBuildPhase;
			buildActionMask = 2147483647;
			files = (
				F4B853BF1BDBC6A4000B26CF /* libfreetype.6.dylib in Frameworks */,
				F429009D1BB513B70047C6CF /* GlyphsCore.framework in Frameworks */,
				F42900921BB513B70047C6CF /* Cocoa.framework in Frameworks */,
				F4B853BE1BDBC6A4000B26CF /* libfontconfig.1.dylib in Frameworks */,
				F4B853C01BDBC6A4000B26CF /* libharfbuzz.0.dylib in Frameworks */,
			);
			runOnlyForDeploymentPostprocessing = 0;
		};
/* End PBXFrameworksBuildPhase section */

/* Begin PBXGroup section */
		F42900851BB513B70047C6CF = {
			isa = PBXGroup;
			children = (
				F4B853BB1BDBC6A4000B26CF /* libfontconfig.1.dylib */,
				F4B853BC1BDBC6A4000B26CF /* libfreetype.6.dylib */,
				F4B853BD1BDBC6A4000B26CF /* libharfbuzz.0.dylib */,
				F43BEEDB1BC651CD005BFC39 /* shared-libraries */,
				F43BEECF1BC55C5E005BFC39 /* classes */,
				F43BEED01BC55C5E005BFC39 /* core */,
				F43BEED11BC55C5E005BFC39 /* languages */,
				F43BEED21BC55C5E005BFC39 /* lua-libraries */,
				F43BEED31BC55C5E005BFC39 /* packages */,
				F43BEECD1BC55C3F005BFC39 /* sile */,
				F47CE58C1BC158A7009C76C1 /* NSLua */,
				F47CE5141BC15889009C76C1 /* lua */,
				F42900931BB513B70047C6CF /* GlyphSILE */,
				F42900901BB513B70047C6CF /* Frameworks */,
				F429008F1BB513B70047C6CF /* Products */,
			);
			sourceTree = "<group>";
		};
		F429008F1BB513B70047C6CF /* Products */ = {
			isa = PBXGroup;
			children = (
				F429008E1BB513B70047C6CF /* GlyphSILE.glyphsPlugin */,
			);
			name = Products;
			sourceTree = "<group>";
		};
		F42900901BB513B70047C6CF /* Frameworks */ = {
			isa = PBXGroup;
			children = (
				F42900911BB513B70047C6CF /* Cocoa.framework */,
			);
			name = Frameworks;
			sourceTree = "<group>";
		};
		F42900931BB513B70047C6CF /* GlyphSILE */ = {
			isa = PBXGroup;
			children = (
				F42900941BB513B70047C6CF /* GlyphSILE-Prefix.pch */,
				F42900961BB513B70047C6CF /* GlyphSILE-Info.plist */,
				F42900981BB513B70047C6CF /* GlyphSILE.h */,
				F42900991BB513B70047C6CF /* GlyphSILE.m */,
				F4BDCF8C1BC540E70013A9EF /* GlyphSILE.lua */,
				F47783811BB7FC9900B55550 /* GlyphsApp.lua */,
				F477837F1BB5FCB800B55550 /* LuaConsole.xib */,
				F44110391BC3F75500E38A84 /* SILEPreview.xib */,
				F45D97EF1BCA88BC008DCF76 /* SILEPreviewView.h */,
				F45D97F01BCA88FD008DCF76 /* SILEPreviewView.m */,
				F429009E1BB513B70047C6CF /* Info.plist */,
				F429009B1BB513B70047C6CF /* Supporting Files */,
			);
			path = GlyphSILE;
			sourceTree = "<group>";
		};
		F429009B1BB513B70047C6CF /* Supporting Files */ = {
			isa = PBXGroup;
			children = (
				F429009C1BB513B70047C6CF /* GlyphsCore.framework */,
			);
			name = "Supporting Files";
			sourceTree = "<group>";
		};
		F47CE5141BC15889009C76C1 /* lua */ = {
			isa = PBXGroup;
			children = (
				F47CE5151BC15889009C76C1 /* doc */,
				F47CE51F1BC15889009C76C1 /* Makefile */,
				F47CE5201BC15889009C76C1 /* README */,
				F47CE5211BC15889009C76C1 /* src */,
			);
			path = lua;
			sourceTree = "<group>";
		};
		F47CE5151BC15889009C76C1 /* doc */ = {
			isa = PBXGroup;
			children = (
				F47CE5161BC15889009C76C1 /* contents.html */,
				F47CE5171BC15889009C76C1 /* logo.gif */,
				F47CE5181BC15889009C76C1 /* lua.1 */,
				F47CE5191BC15889009C76C1 /* lua.css */,
				F47CE51A1BC15889009C76C1 /* luac.1 */,
				F47CE51B1BC15889009C76C1 /* manual.css */,
				F47CE51C1BC15889009C76C1 /* manual.html */,
				F47CE51D1BC15889009C76C1 /* osi-certified-72x60.png */,
				F47CE51E1BC15889009C76C1 /* readme.html */,
			);
			path = doc;
			sourceTree = "<group>";
		};
		F47CE5211BC15889009C76C1 /* src */ = {
			isa = PBXGroup;
			children = (
				F47CE5221BC15889009C76C1 /* lapi.c */,
				F47CE5231BC15889009C76C1 /* lapi.h */,
				F47CE5241BC15889009C76C1 /* lauxlib.c */,
				F47CE5251BC15889009C76C1 /* lauxlib.h */,
				F47CE5261BC15889009C76C1 /* lbaselib.c */,
				F47CE5271BC15889009C76C1 /* lbitlib.c */,
				F47CE5281BC15889009C76C1 /* lcode.c */,
				F47CE5291BC15889009C76C1 /* lcode.h */,
				F47CE52A1BC15889009C76C1 /* lcorolib.c */,
				F47CE52B1BC15889009C76C1 /* lctype.c */,
				F47CE52C1BC15889009C76C1 /* lctype.h */,
				F47CE52D1BC15889009C76C1 /* ldblib.c */,
				F47CE52E1BC15889009C76C1 /* ldebug.c */,
				F47CE52F1BC15889009C76C1 /* ldebug.h */,
				F47CE5301BC15889009C76C1 /* ldo.c */,
				F47CE5311BC15889009C76C1 /* ldo.h */,
				F47CE5321BC15889009C76C1 /* ldump.c */,
				F47CE5331BC15889009C76C1 /* lfunc.c */,
				F47CE5341BC15889009C76C1 /* lfunc.h */,
				F47CE5351BC15889009C76C1 /* lgc.c */,
				F47CE5361BC15889009C76C1 /* lgc.h */,
				F47CE5371BC15889009C76C1 /* linit.c */,
				F47CE5381BC15889009C76C1 /* liolib.c */,
				F47CE5391BC15889009C76C1 /* llex.c */,
				F47CE53A1BC15889009C76C1 /* llex.h */,
				F47CE53B1BC15889009C76C1 /* llimits.h */,
				F47CE53C1BC15889009C76C1 /* lmathlib.c */,
				F47CE53D1BC15889009C76C1 /* lmem.c */,
				F47CE53E1BC15889009C76C1 /* lmem.h */,
				F47CE53F1BC15889009C76C1 /* loadlib.c */,
				F47CE5401BC15889009C76C1 /* lobject.c */,
				F47CE5411BC15889009C76C1 /* lobject.h */,
				F47CE5421BC15889009C76C1 /* lopcodes.c */,
				F47CE5431BC15889009C76C1 /* lopcodes.h */,
				F47CE5441BC15889009C76C1 /* loslib.c */,
				F47CE5451BC15889009C76C1 /* lparser.c */,
				F47CE5461BC15889009C76C1 /* lparser.h */,
				F47CE5471BC15889009C76C1 /* lstate.c */,
				F47CE5481BC15889009C76C1 /* lstate.h */,
				F47CE5491BC15889009C76C1 /* lstring.c */,
				F47CE54A1BC15889009C76C1 /* lstring.h */,
				F47CE54B1BC15889009C76C1 /* lstrlib.c */,
				F47CE54C1BC15889009C76C1 /* ltable.c */,
				F47CE54D1BC15889009C76C1 /* ltable.h */,
				F47CE54E1BC15889009C76C1 /* ltablib.c */,
				F47CE54F1BC15889009C76C1 /* ltm.c */,
				F47CE5501BC15889009C76C1 /* ltm.h */,
				F47CE5521BC15889009C76C1 /* lua.h */,
				F47CE5531BC15889009C76C1 /* lua.hpp */,
				F47CE5541BC15889009C76C1 /* luac.c */,
				F47CE5551BC15889009C76C1 /* luaconf.h */,
				F47CE5561BC15889009C76C1 /* lualib.h */,
				F47CE5571BC15889009C76C1 /* lundump.c */,
				F47CE5581BC15889009C76C1 /* lundump.h */,
				F47CE5591BC15889009C76C1 /* lvm.c */,
				F47CE55A1BC15889009C76C1 /* lvm.h */,
				F47CE55B1BC15889009C76C1 /* lzio.c */,
				F47CE55C1BC15889009C76C1 /* lzio.h */,
				F47CE55D1BC15889009C76C1 /* Makefile */,
			);
			path = src;
			sourceTree = "<group>";
		};
		F47CE58C1BC158A7009C76C1 /* NSLua */ = {
			isa = PBXGroup;
			children = (
				F47CE58D1BC158A7009C76C1 /* .gitignore */,
				F47CE58E1BC158A7009C76C1 /* .travis.yml */,
				F47CE58F1BC158A7009C76C1 /* CMSynthesizeSingleton.h */,
				F47CE5901BC158A7009C76C1 /* LICENSE */,
				F47CE5911BC158A7009C76C1 /* LuaBridge.lua */,
				F47CE5921BC158A7009C76C1 /* LuaBridgedFunctions.h */,
				F47CE5931BC158A7009C76C1 /* LuaBridgedFunctions.m */,
				F47CE5941BC158A7009C76C1 /* NSLua.h */,
				F47CE5951BC158A7009C76C1 /* NSLua.m */,
				F47CE5961BC158A7009C76C1 /* README.md */,
			);
			path = NSLua;
			sourceTree = "<group>";
		};
/* End PBXGroup section */

/* Begin PBXNativeTarget section */
		F429008D1BB513B70047C6CF /* GlyphSILE */ = {
			isa = PBXNativeTarget;
			buildConfigurationList = F42900A11BB513B70047C6CF /* Build configuration list for PBXNativeTarget "GlyphSILE" */;
			buildPhases = (
				F429008A1BB513B70047C6CF /* Sources */,
				F429008B1BB513B70047C6CF /* Frameworks */,
				F429008C1BB513B70047C6CF /* Resources */,
				F4B853C11BDBC6B0000B26CF /* CopyFiles */,
			);
			buildRules = (
			);
			dependencies = (
			);
			name = GlyphSILE;
			productName = GlyphSILE;
			productReference = F429008E1BB513B70047C6CF /* GlyphSILE.glyphsPlugin */;
			productType = "com.apple.product-type.bundle";
		};
/* End PBXNativeTarget section */

/* Begin PBXProject section */
		F42900861BB513B70047C6CF /* Project object */ = {
			isa = PBXProject;
			attributes = {
				LastUpgradeCheck = 0700;
				ORGANIZATIONNAME = "Simon Cozens";
				TargetAttributes = {
					F429008D1BB513B70047C6CF = {
						CreatedOnToolsVersion = 7.0;
					};
				};
			};
			buildConfigurationList = F42900891BB513B70047C6CF /* Build configuration list for PBXProject "GlyphSILE" */;
			compatibilityVersion = "Xcode 3.2";
			developmentRegion = English;
			hasScannedForEncodings = 0;
			knownRegions = (
				en,
			);
			mainGroup = F42900851BB513B70047C6CF;
			productRefGroup = F429008F1BB513B70047C6CF /* Products */;
			projectDirPath = "";
			projectRoot = "";
			targets = (
				F429008D1BB513B70047C6CF /* GlyphSILE */,
			);
		};
/* End PBXProject section */

/* Begin PBXResourcesBuildPhase section */
		F429008C1BB513B70047C6CF /* Resources */ = {
			isa = PBXResourcesBuildPhase;
			buildActionMask = 2147483647;
			files = (
				F47CE5611BC15889009C76C1 /* lua.css in Resources */,
				F47CE5631BC15889009C76C1 /* manual.css in Resources */,
				F47CE5981BC158A7009C76C1 /* .travis.yml in Resources */,
				F47783801BB5FCB800B55550 /* LuaConsole.xib in Resources */,
				F47CE55F1BC15889009C76C1 /* logo.gif in Resources */,
				F47783821BB7FC9900B55550 /* GlyphsApp.lua in Resources */,
				F47CE59A1BC158A7009C76C1 /* LuaBridge.lua in Resources */,
				F47CE5621BC15889009C76C1 /* luac.1 in Resources */,
				F43BEED41BC55C5E005BFC39 /* classes in Resources */,
				F43BEED51BC55C5E005BFC39 /* core in Resources */,
				F43BEED61BC55C5E005BFC39 /* languages in Resources */,
				F43BEED71BC55C5E005BFC39 /* lua-libraries in Resources */,
				F43BEED81BC55C5E005BFC39 /* packages in Resources */,
				F47CE5681BC15889009C76C1 /* README in Resources */,
				F47CE5991BC158A7009C76C1 /* LICENSE in Resources */,
				F43BEEDC1BC651CD005BFC39 /* shared-libraries in Resources */,
				F47CE5641BC15889009C76C1 /* manual.html in Resources */,
				F47CE5661BC15889009C76C1 /* readme.html in Resources */,
				F441103A1BC3F75500E38A84 /* SILEPreview.xib in Resources */,
				F47CE5601BC15889009C76C1 /* lua.1 in Resources */,
				F4BDCF8D1BC540E70013A9EF /* GlyphSILE.lua in Resources */,
				F47CE5971BC158A7009C76C1 /* .gitignore in Resources */,
				F47CE55E1BC15889009C76C1 /* contents.html in Resources */,
				F47CE5651BC15889009C76C1 /* osi-certified-72x60.png in Resources */,
				F42900971BB513B70047C6CF /* GlyphSILE-Info.plist in Resources */,
				F42900951BB513B70047C6CF /* GlyphSILE-Prefix.pch in Resources */,
			);
			runOnlyForDeploymentPostprocessing = 0;
		};
/* End PBXResourcesBuildPhase section */

/* Begin PBXSourcesBuildPhase section */
		F429008A1BB513B70047C6CF /* Sources */ = {
			isa = PBXSourcesBuildPhase;
			buildActionMask = 2147483647;
			files = (
				F47CE56D1BC15889009C76C1 /* lcode.c in Sources */,
				F47CE56E1BC15889009C76C1 /* lcorolib.c in Sources */,
				F47CE5741BC15889009C76C1 /* lfunc.c in Sources */,
				F47CE5711BC15889009C76C1 /* ldebug.c in Sources */,
				F47CE5771BC15889009C76C1 /* liolib.c in Sources */,
				F47CE57E1BC15889009C76C1 /* loslib.c in Sources */,
				F47CE56B1BC15889009C76C1 /* lbaselib.c in Sources */,
				F47CE5851BC15889009C76C1 /* ltm.c in Sources */,
				F47CE5701BC15889009C76C1 /* ldblib.c in Sources */,
				F47CE56C1BC15889009C76C1 /* lbitlib.c in Sources */,
				F47CE5761BC15889009C76C1 /* linit.c in Sources */,
				F47CE5891BC15889009C76C1 /* lvm.c in Sources */,
				F47CE57A1BC15889009C76C1 /* lmem.c in Sources */,
				F47CE5731BC15889009C76C1 /* ldump.c in Sources */,
				F47CE5811BC15889009C76C1 /* lstring.c in Sources */,
				F47CE5691BC15889009C76C1 /* lapi.c in Sources */,
				F47CE58A1BC15889009C76C1 /* lzio.c in Sources */,
				F47CE5801BC15889009C76C1 /* lstate.c in Sources */,
				F45D97F11BCA88FD008DCF76 /* SILEPreviewView.m in Sources */,
				F47CE57D1BC15889009C76C1 /* lopcodes.c in Sources */,
				F47CE5781BC15889009C76C1 /* llex.c in Sources */,
				F47CE5881BC15889009C76C1 /* lundump.c in Sources */,
				F429009A1BB513B70047C6CF /* GlyphSILE.m in Sources */,
				F47CE5721BC15889009C76C1 /* ldo.c in Sources */,
				F47CE57B1BC15889009C76C1 /* loadlib.c in Sources */,
				F47CE57C1BC15889009C76C1 /* lobject.c in Sources */,
				F47CE5841BC15889009C76C1 /* ltablib.c in Sources */,
				F47CE5821BC15889009C76C1 /* lstrlib.c in Sources */,
				F47CE5791BC15889009C76C1 /* lmathlib.c in Sources */,
				F47CE5751BC15889009C76C1 /* lgc.c in Sources */,
				F47CE56F1BC15889009C76C1 /* lctype.c in Sources */,
				F47CE56A1BC15889009C76C1 /* lauxlib.c in Sources */,
				F47CE59B1BC158A7009C76C1 /* LuaBridgedFunctions.m in Sources */,
				F47CE57F1BC15889009C76C1 /* lparser.c in Sources */,
				F47CE59C1BC158A7009C76C1 /* NSLua.m in Sources */,
				F47CE5831BC15889009C76C1 /* ltable.c in Sources */,
				F47CE5871BC15889009C76C1 /* luac.c in Sources */,
			);
			runOnlyForDeploymentPostprocessing = 0;
		};
/* End PBXSourcesBuildPhase section */

/* Begin XCBuildConfiguration section */
		F429009F1BB513B70047C6CF /* Debug */ = {
			isa = XCBuildConfiguration;
			buildSettings = {
				ALWAYS_SEARCH_USER_PATHS = NO;
				CLANG_CXX_LANGUAGE_STANDARD = "gnu++0x";
				CLANG_CXX_LIBRARY = "libc++";
				CLANG_ENABLE_MODULES = YES;
				CLANG_ENABLE_OBJC_ARC = YES;
				CLANG_WARN_BOOL_CONVERSION = YES;
				CLANG_WARN_CONSTANT_CONVERSION = YES;
				CLANG_WARN_DIRECT_OBJC_ISA_USAGE = YES_ERROR;
				CLANG_WARN_EMPTY_BODY = YES;
				CLANG_WARN_ENUM_CONVERSION = YES;
				CLANG_WARN_INT_CONVERSION = YES;
				CLANG_WARN_OBJC_ROOT_CLASS = YES_ERROR;
				CLANG_WARN_UNREACHABLE_CODE = YES;
				CLANG_WARN__DUPLICATE_METHOD_MATCH = YES;
				COPY_PHASE_STRIP = NO;
				DEBUG_INFORMATION_FORMAT = dwarf;
				ENABLE_STRICT_OBJC_MSGSEND = YES;
				ENABLE_TESTABILITY = YES;
				GCC_C_LANGUAGE_STANDARD = gnu99;
				GCC_DYNAMIC_NO_PIC = NO;
				GCC_NO_COMMON_BLOCKS = YES;
				GCC_OPTIMIZATION_LEVEL = 0;
				GCC_PREPROCESSOR_DEFINITIONS = (
					"DEBUG=1",
					"$(inherited)",
				);
				GCC_WARN_64_TO_32_BIT_CONVERSION = YES;
				GCC_WARN_ABOUT_RETURN_TYPE = YES_ERROR;
				GCC_WARN_UNDECLARED_SELECTOR = YES;
				GCC_WARN_UNINITIALIZED_AUTOS = YES_AGGRESSIVE;
				GCC_WARN_UNUSED_FUNCTION = YES;
				GCC_WARN_UNUSED_VARIABLE = YES;
				MTL_ENABLE_DEBUG_INFO = YES;
				ONLY_ACTIVE_ARCH = YES;
			};
			name = Debug;
		};
		F42900A01BB513B70047C6CF /* Release */ = {
			isa = XCBuildConfiguration;
			buildSettings = {
				ALWAYS_SEARCH_USER_PATHS = NO;
				CLANG_CXX_LANGUAGE_STANDARD = "gnu++0x";
				CLANG_CXX_LIBRARY = "libc++";
				CLANG_ENABLE_MODULES = YES;
				CLANG_ENABLE_OBJC_ARC = YES;
				CLANG_WARN_BOOL_CONVERSION = YES;
				CLANG_WARN_CONSTANT_CONVERSION = YES;
				CLANG_WARN_DIRECT_OBJC_ISA_USAGE = YES_ERROR;
				CLANG_WARN_EMPTY_BODY = YES;
				CLANG_WARN_ENUM_CONVERSION = YES;
				CLANG_WARN_INT_CONVERSION = YES;
				CLANG_WARN_OBJC_ROOT_CLASS = YES_ERROR;
				CLANG_WARN_UNREACHABLE_CODE = YES;
				CLANG_WARN__DUPLICATE_METHOD_MATCH = YES;
				COPY_PHASE_STRIP = NO;
				DEBUG_INFORMATION_FORMAT = "dwarf-with-dsym";
				ENABLE_NS_ASSERTIONS = NO;
				ENABLE_STRICT_OBJC_MSGSEND = YES;
				GCC_C_LANGUAGE_STANDARD = gnu99;
				GCC_NO_COMMON_BLOCKS = YES;
				GCC_WARN_64_TO_32_BIT_CONVERSION = YES;
				GCC_WARN_ABOUT_RETURN_TYPE = YES_ERROR;
				GCC_WARN_UNDECLARED_SELECTOR = YES;
				GCC_WARN_UNINITIALIZED_AUTOS = YES_AGGRESSIVE;
				GCC_WARN_UNUSED_FUNCTION = YES;
				GCC_WARN_UNUSED_VARIABLE = YES;
				MTL_ENABLE_DEBUG_INFO = NO;
			};
			name = Release;
		};
		F42900A21BB513B70047C6CF /* Debug */ = {
			isa = XCBuildConfiguration;
			buildSettings = {
				COMBINE_HIDPI_IMAGES = YES;
				DEPLOYMENT_LOCATION = YES;
				DSTROOT = "~/Library/Application Support/Glyphs/Plugins";
				FRAMEWORK_SEARCH_PATHS = "$(SYSTEM_APPS_DIR)/Glyphs.app/Contents/Frameworks";
				GCC_PREFIX_HEADER = "GlyphSILE/GlyphSILE-Prefix.pch";
				GCC_PREPROCESSOR_DEFINITIONS = (
					"DEBUG=1",
					"$(inherited)",
					LUA_USE_MACOSX,
				);
				INFOPLIST_FILE = GlyphSILE/Info.plist;
				INSTALL_PATH = /;
				LD_RUNPATH_SEARCH_PATHS = "@loader_path/../Frameworks";
				LIBRARY_SEARCH_PATHS = (
					"$(inherited)",
					"$(PROJECT_DIR)/lua/src",
					"$(PROJECT_DIR)/frameworks",
				);
				PRODUCT_BUNDLE_IDENTIFIER = "org.simon-cozens.GlyphSILE";
				PRODUCT_NAME = "$(TARGET_NAME)";
				WRAPPER_EXTENSION = glyphsPlugin;
			};
			name = Debug;
		};
		F42900A31BB513B70047C6CF /* Release */ = {
			isa = XCBuildConfiguration;
			buildSettings = {
				COMBINE_HIDPI_IMAGES = YES;
				FRAMEWORK_SEARCH_PATHS = "$(SYSTEM_APPS_DIR)/Glyphs.app/Contents/Frameworks";
				GCC_PREFIX_HEADER = "GlyphSILE/GlyphSILE-Prefix.pch";
				GCC_PREPROCESSOR_DEFINITIONS = LUA_USE_MACOSX;
				INFOPLIST_FILE = GlyphSILE/Info.plist;
				LD_RUNPATH_SEARCH_PATHS = "@loader_path/../Frameworks";
				LIBRARY_SEARCH_PATHS = (
					"$(inherited)",
					"$(PROJECT_DIR)/lua/src",
					"$(PROJECT_DIR)/frameworks",
				);
				PRODUCT_BUNDLE_IDENTIFIER = "org.simon-cozens.GlyphSILE";
				PRODUCT_NAME = "$(TARGET_NAME)";
				WRAPPER_EXTENSION = glyphsPlugin;
			};
			name = Release;
		};
/* End XCBuildConfiguration section */

/* Begin XCConfigurationList section */
		F42900891BB513B70047C6CF /* Build configuration list for PBXProject "GlyphSILE" */ = {
			isa = XCConfigurationList;
			buildConfigurations = (
				F429009F1BB513B70047C6CF /* Debug */,
				F42900A01BB513B70047C6CF /* Release */,
			);
			defaultConfigurationIsVisible = 0;
			defaultConfigurationName = Release;
		};
		F42900A11BB513B70047C6CF /* Build configuration list for PBXNativeTarget "GlyphSILE" */ = {
			isa = XCConfigurationList;
			buildConfigurations = (
				F42900A21BB513B70047C6CF /* Debug */,
				F42900A31BB513B70047C6CF /* Release */,
			);
			defaultConfigurationIsVisible = 0;
			defaultConfigurationName = Release;
		};
/* End XCConfigurationList section */
	};
	rootObject = F42900861BB513B70047C6CF /* Project object */;
}
