// !$*UTF8*$!
{
	archiveVersion = 1;
	classes = {
	};
	objectVersion = 46;
	objects = {

/* Begin PBXBuildFile section */
		563FC9771BE13E09003529B5 /* main.m in Sources */ = {isa = PBXBuildFile; fileRef = 563FC9761BE13E09003529B5 /* main.m */; };
/* End PBXBuildFile section */

/* Begin PBXContainerItemProxy section */
		563FC9881BE13E09003529B5 /* PBXContainerItemProxy */ = {
			isa = PBXContainerItemProxy;
			containerPortal = 563FC9661BE13E09003529B5 /* Project object */;
			proxyType = 1;
			remoteGlobalIDString = 563FC96D1BE13E09003529B5;
			remoteInfo = SILEapp;
		};
/* End PBXContainerItemProxy section */

/* Begin PBXFileReference section */
		563FC96E1BE13E09003529B5 /* SILEapp.app */ = {isa = PBXFileReference; explicitFileType = wrapper.application; includeInIndex = 0; path = SILEapp.app; sourceTree = BUILT_PRODUCTS_DIR; };
		563FC9721BE13E09003529B5 /* Info.plist */ = {isa = PBXFileReference; lastKnownFileType = text.plist.xml; path = Info.plist; sourceTree = "<group>"; };
		563FC9761BE13E09003529B5 /* main.m */ = {isa = PBXFileReference; lastKnownFileType = sourcecode.c.objc; path = main.m; sourceTree = "<group>"; };
		563FC9871BE13E09003529B5 /* SILEappTests.xctest */ = {isa = PBXFileReference; explicitFileType = wrapper.cfbundle; includeInIndex = 0; path = SILEappTests.xctest; sourceTree = BUILT_PRODUCTS_DIR; };
/* End PBXFileReference section */

/* Begin PBXFrameworksBuildPhase section */
		563FC96B1BE13E09003529B5 /* Frameworks */ = {
			isa = PBXFrameworksBuildPhase;
			buildActionMask = 2147483647;
			files = (
			);
			runOnlyForDeploymentPostprocessing = 0;
		};
		563FC9841BE13E09003529B5 /* Frameworks */ = {
			isa = PBXFrameworksBuildPhase;
			buildActionMask = 2147483647;
			files = (
			);
			runOnlyForDeploymentPostprocessing = 0;
		};
/* End PBXFrameworksBuildPhase section */

/* Begin PBXGroup section */
		563FC9651BE13E09003529B5 = {
			isa = PBXGroup;
			children = (
				563FC9701BE13E09003529B5 /* SILEapp */,
				563FC96F1BE13E09003529B5 /* Products */,
			);
			sourceTree = "<group>";
		};
		563FC96F1BE13E09003529B5 /* Products */ = {
			isa = PBXGroup;
			children = (
				563FC96E1BE13E09003529B5 /* SILEapp.app */,
				563FC9871BE13E09003529B5 /* SILEappTests.xctest */,
			);
			name = Products;
			sourceTree = "<group>";
		};
		563FC9701BE13E09003529B5 /* SILEapp */ = {
			isa = PBXGroup;
			children = (
				563FC9711BE13E09003529B5 /* Supporting Files */,
			);
			path = SILEapp;
			sourceTree = "<group>";
		};
		563FC9711BE13E09003529B5 /* Supporting Files */ = {
			isa = PBXGroup;
			children = (
				563FC9721BE13E09003529B5 /* Info.plist */,
				563FC9761BE13E09003529B5 /* main.m */,
			);
			name = "Supporting Files";
			sourceTree = "<group>";
		};
/* End PBXGroup section */

/* Begin PBXNativeTarget section */
		563FC96D1BE13E09003529B5 /* SILEapp */ = {
			isa = PBXNativeTarget;
			buildConfigurationList = 563FC9911BE13E09003529B5 /* Build configuration list for PBXNativeTarget "SILEapp" */;
			buildPhases = (
				563FC96A1BE13E09003529B5 /* Sources */,
				563FC96B1BE13E09003529B5 /* Frameworks */,
				563FC96C1BE13E09003529B5 /* Resources */,
			);
			buildRules = (
			);
			dependencies = (
			);
			name = SILEapp;
			productName = SILEapp;
			productReference = 563FC96E1BE13E09003529B5 /* SILEapp.app */;
			productType = "com.apple.product-type.application";
		};
		563FC9861BE13E09003529B5 /* SILEappTests */ = {
			isa = PBXNativeTarget;
			buildConfigurationList = 563FC9941BE13E09003529B5 /* Build configuration list for PBXNativeTarget "SILEappTests" */;
			buildPhases = (
				563FC9831BE13E09003529B5 /* Sources */,
				563FC9841BE13E09003529B5 /* Frameworks */,
				563FC9851BE13E09003529B5 /* Resources */,
			);
			buildRules = (
			);
			dependencies = (
				563FC9891BE13E09003529B5 /* PBXTargetDependency */,
			);
			name = SILEappTests;
			productName = SILEappTests;
			productReference = 563FC9871BE13E09003529B5 /* SILEappTests.xctest */;
			productType = "com.apple.product-type.bundle.unit-test";
		};
/* End PBXNativeTarget section */

/* Begin PBXProject section */
		563FC9661BE13E09003529B5 /* Project object */ = {
			isa = PBXProject;
			attributes = {
				LastUpgradeCheck = 0810;
				ORGANIZATIONNAME = "simon cozens";
				TargetAttributes = {
					563FC96D1BE13E09003529B5 = {
						CreatedOnToolsVersion = 6.4;
					};
					563FC9861BE13E09003529B5 = {
						CreatedOnToolsVersion = 6.4;
						TestTargetID = 563FC96D1BE13E09003529B5;
					};
				};
			};
			buildConfigurationList = 563FC9691BE13E09003529B5 /* Build configuration list for PBXProject "SILEapp" */;
			compatibilityVersion = "Xcode 3.2";
			developmentRegion = English;
			hasScannedForEncodings = 0;
			knownRegions = (
				en,
				Base,
			);
			mainGroup = 563FC9651BE13E09003529B5;
			productRefGroup = 563FC96F1BE13E09003529B5 /* Products */;
			projectDirPath = "";
			projectRoot = "";
			targets = (
				563FC96D1BE13E09003529B5 /* SILEapp */,
				563FC9861BE13E09003529B5 /* SILEappTests */,
			);
		};
/* End PBXProject section */

/* Begin PBXResourcesBuildPhase section */
		563FC96C1BE13E09003529B5 /* Resources */ = {
			isa = PBXResourcesBuildPhase;
			buildActionMask = 2147483647;
			files = (
			);
			runOnlyForDeploymentPostprocessing = 0;
		};
		563FC9851BE13E09003529B5 /* Resources */ = {
			isa = PBXResourcesBuildPhase;
			buildActionMask = 2147483647;
			files = (
			);
			runOnlyForDeploymentPostprocessing = 0;
		};
/* End PBXResourcesBuildPhase section */

/* Begin PBXSourcesBuildPhase section */
		563FC96A1BE13E09003529B5 /* Sources */ = {
			isa = PBXSourcesBuildPhase;
			buildActionMask = 2147483647;
			files = (
				563FC9771BE13E09003529B5 /* main.m in Sources */,
			);
			runOnlyForDeploymentPostprocessing = 0;
		};
		563FC9831BE13E09003529B5 /* Sources */ = {
			isa = PBXSourcesBuildPhase;
			buildActionMask = 2147483647;
			files = (
			);
			runOnlyForDeploymentPostprocessing = 0;
		};
/* End PBXSourcesBuildPhase section */

/* Begin PBXTargetDependency section */
		563FC9891BE13E09003529B5 /* PBXTargetDependency */ = {
			isa = PBXTargetDependency;
			target = 563FC96D1BE13E09003529B5 /* SILEapp */;
			targetProxy = 563FC9881BE13E09003529B5 /* PBXContainerItemProxy */;
		};
/* End PBXTargetDependency section */

/* Begin XCBuildConfiguration section */
		563FC98F1BE13E09003529B5 /* Debug */ = {
			isa = XCBuildConfiguration;
			buildSettings = {
				ALWAYS_SEARCH_USER_PATHS = NO;
				CLANG_CXX_LANGUAGE_STANDARD = "gnu++0x";
				CLANG_CXX_LIBRARY = "libc++";
				CLANG_ENABLE_MODULES = YES;
				CLANG_ENABLE_OBJC_ARC = YES;
				CLANG_WARN_BOOL_CONVERSION = YES;
				CLANG_WARN_CONSTANT_CONVERSION = YES;
				CLANG_WARN_DIRECT_OBJC_ISA_USAGE = YES_ERROR;
				CLANG_WARN_EMPTY_BODY = YES;
				CLANG_WARN_ENUM_CONVERSION = YES;
				CLANG_WARN_INFINITE_RECURSION = YES;
				CLANG_WARN_INT_CONVERSION = YES;
				CLANG_WARN_OBJC_ROOT_CLASS = YES_ERROR;
				CLANG_WARN_SUSPICIOUS_MOVE = YES;
				CLANG_WARN_UNREACHABLE_CODE = YES;
				CLANG_WARN__DUPLICATE_METHOD_MATCH = YES;
				CODE_SIGN_IDENTITY = "-";
				COPY_PHASE_STRIP = NO;
				DEBUG_INFORMATION_FORMAT = dwarf;
				ENABLE_STRICT_OBJC_MSGSEND = YES;
				ENABLE_TESTABILITY = YES;
				GCC_C_LANGUAGE_STANDARD = gnu99;
				GCC_DYNAMIC_NO_PIC = NO;
				GCC_NO_COMMON_BLOCKS = YES;
				GCC_OPTIMIZATION_LEVEL = 0;
				GCC_PREPROCESSOR_DEFINITIONS = (
					"DEBUG=1",
					"$(inherited)",
				);
				GCC_SYMBOLS_PRIVATE_EXTERN = NO;
				GCC_WARN_64_TO_32_BIT_CONVERSION = YES;
				GCC_WARN_ABOUT_RETURN_TYPE = YES_ERROR;
				GCC_WARN_UNDECLARED_SELECTOR = YES;
				GCC_WARN_UNINITIALIZED_AUTOS = YES_AGGRESSIVE;
				GCC_WARN_UNUSED_FUNCTION = YES;
				GCC_WARN_UNUSED_VARIABLE = YES;
				MACOSX_DEPLOYMENT_TARGET = 10.10;
				MTL_ENABLE_DEBUG_INFO = YES;
				ONLY_ACTIVE_ARCH = YES;
				SDKROOT = macosx;
			};
			name = Debug;
		};
		563FC9901BE13E09003529B5 /* Release */ = {
			isa = XCBuildConfiguration;
			buildSettings = {
				ALWAYS_SEARCH_USER_PATHS = NO;
				CLANG_CXX_LANGUAGE_STANDARD = "gnu++0x";
				CLANG_CXX_LIBRARY = "libc++";
				CLANG_ENABLE_MODULES = YES;
				CLANG_ENABLE_OBJC_ARC = YES;
				CLANG_WARN_BOOL_CONVERSION = YES;
				CLANG_WARN_CONSTANT_CONVERSION = YES;
				CLANG_WARN_DIRECT_OBJC_ISA_USAGE = YES_ERROR;
				CLANG_WARN_EMPTY_BODY = YES;
				CLANG_WARN_ENUM_CONVERSION = YES;
				CLANG_WARN_INFINITE_RECURSION = YES;
				CLANG_WARN_INT_CONVERSION = YES;
				CLANG_WARN_OBJC_ROOT_CLASS = YES_ERROR;
				CLANG_WARN_SUSPICIOUS_MOVE = YES;
				CLANG_WARN_UNREACHABLE_CODE = YES;
				CLANG_WARN__DUPLICATE_METHOD_MATCH = YES;
				CODE_SIGN_IDENTITY = "-";
				COPY_PHASE_STRIP = NO;
				DEBUG_INFORMATION_FORMAT = "dwarf-with-dsym";
				ENABLE_NS_ASSERTIONS = NO;
				ENABLE_STRICT_OBJC_MSGSEND = YES;
				GCC_C_LANGUAGE_STANDARD = gnu99;
				GCC_NO_COMMON_BLOCKS = YES;
				GCC_WARN_64_TO_32_BIT_CONVERSION = YES;
				GCC_WARN_ABOUT_RETURN_TYPE = YES_ERROR;
				GCC_WARN_UNDECLARED_SELECTOR = YES;
				GCC_WARN_UNINITIALIZED_AUTOS = YES_AGGRESSIVE;
				GCC_WARN_UNUSED_FUNCTION = YES;
				GCC_WARN_UNUSED_VARIABLE = YES;
				MACOSX_DEPLOYMENT_TARGET = 10.10;
				MTL_ENABLE_DEBUG_INFO = NO;
				SDKROOT = macosx;
			};
			name = Release;
		};
		563FC9921BE13E09003529B5 /* Debug */ = {
			isa = XCBuildConfiguration;
			buildSettings = {
				ASSETCATALOG_COMPILER_APPICON_NAME = AppIcon;
				COMBINE_HIDPI_IMAGES = YES;
				INFOPLIST_FILE = SILEapp/Info.plist;
				LD_RUNPATH_SEARCH_PATHS = "$(inherited) @executable_path/../Frameworks";
				PRODUCT_BUNDLE_IDENTIFIER = "org.simon-cozens.$(PRODUCT_NAME:rfc1034identifier)";
				PRODUCT_NAME = "$(TARGET_NAME)";
			};
			name = Debug;
		};
		563FC9931BE13E09003529B5 /* Release */ = {
			isa = XCBuildConfiguration;
			buildSettings = {
				ASSETCATALOG_COMPILER_APPICON_NAME = AppIcon;
				COMBINE_HIDPI_IMAGES = YES;
				INFOPLIST_FILE = SILEapp/Info.plist;
				LD_RUNPATH_SEARCH_PATHS = "$(inherited) @executable_path/../Frameworks";
				PRODUCT_BUNDLE_IDENTIFIER = "org.simon-cozens.$(PRODUCT_NAME:rfc1034identifier)";
				PRODUCT_NAME = "$(TARGET_NAME)";
			};
			name = Release;
		};
		563FC9951BE13E09003529B5 /* Debug */ = {
			isa = XCBuildConfiguration;
			buildSettings = {
				BUNDLE_LOADER = "$(TEST_HOST)";
				COMBINE_HIDPI_IMAGES = YES;
				FRAMEWORK_SEARCH_PATHS = (
					"$(DEVELOPER_FRAMEWORKS_DIR)",
					"$(inherited)",
				);
				GCC_PREPROCESSOR_DEFINITIONS = (
					"DEBUG=1",
					"$(inherited)",
				);
				INFOPLIST_FILE = SILEappTests/Info.plist;
				LD_RUNPATH_SEARCH_PATHS = "$(inherited) @executable_path/../Frameworks @loader_path/../Frameworks";
				PRODUCT_NAME = "$(TARGET_NAME)";
				TEST_HOST = "$(BUILT_PRODUCTS_DIR)/SILEapp.app/Contents/MacOS/SILEapp";
			};
			name = Debug;
		};
		563FC9961BE13E09003529B5 /* Release */ = {
			isa = XCBuildConfiguration;
			buildSettings = {
				BUNDLE_LOADER = "$(TEST_HOST)";
				COMBINE_HIDPI_IMAGES = YES;
				FRAMEWORK_SEARCH_PATHS = (
					"$(DEVELOPER_FRAMEWORKS_DIR)",
					"$(inherited)",
				);
				INFOPLIST_FILE = SILEappTests/Info.plist;
				LD_RUNPATH_SEARCH_PATHS = "$(inherited) @executable_path/../Frameworks @loader_path/../Frameworks";
				PRODUCT_NAME = "$(TARGET_NAME)";
				TEST_HOST = "$(BUILT_PRODUCTS_DIR)/SILEapp.app/Contents/MacOS/SILEapp";
			};
			name = Release;
		};
/* End XCBuildConfiguration section */

/* Begin XCConfigurationList section */
		563FC9691BE13E09003529B5 /* Build configuration list for PBXProject "SILEapp" */ = {
			isa = XCConfigurationList;
			buildConfigurations = (
				563FC98F1BE13E09003529B5 /* Debug */,
				563FC9901BE13E09003529B5 /* Release */,
			);
			defaultConfigurationIsVisible = 0;
			defaultConfigurationName = Release;
		};
		563FC9911BE13E09003529B5 /* Build configuration list for PBXNativeTarget "SILEapp" */ = {
			isa = XCConfigurationList;
			buildConfigurations = (
				563FC9921BE13E09003529B5 /* Debug */,
				563FC9931BE13E09003529B5 /* Release */,
			);
			defaultConfigurationIsVisible = 0;
			defaultConfigurationName = Release;
		};
		563FC9941BE13E09003529B5 /* Build configuration list for PBXNativeTarget "SILEappTests" */ = {
			isa = XCConfigurationList;
			buildConfigurations = (
				563FC9951BE13E09003529B5 /* Debug */,
				563FC9961BE13E09003529B5 /* Release */,
			);
			defaultConfigurationIsVisible = 0;
			defaultConfigurationName = Release;
		};
/* End XCConfigurationList section */
	};
	rootObject = 563FC9661BE13E09003529B5 /* Project object */;
}
